
Microsoft Visual Studio Solution File, Format Version 12.00
# Visual Studio Version 17
VisualStudioVersion = 17.9.34723.18
MinimumVisualStudioVersion = 10.0.40219.1
Project("{F184B08F-C81C-45F6-A57F-5ABD9991F28F}") = "WindowsApp5", "WindowsApp5.vbproj", "{98C3A450-1605-4D66-B6E2-48FC10AF119F}"
EndProject
Global
	GlobalSection(SolutionConfigurationPlatforms) = preSolution
		Debug|Any CPU = Debug|Any CPU
		Release|Any CPU = Release|Any CPU
	EndGlobalSection
	GlobalSection(ProjectConfigurationPlatforms) = postSolution
		{98C3A450-1605-4D66-B6E2-48FC10AF119F}.Debug|Any CPU.ActiveCfg = Debug|Any CPU
		{98C3A450-1605-4D66-B6E2-48FC10AF119F}.Debug|Any CPU.Build.0 = Debug|Any CPU
		{98C3A450-1605-4D66-B6E2-48FC10AF119F}.Release|Any CPU.ActiveCfg = Release|Any CPU
		{98C3A450-1605-4D66-B6E2-48FC10AF119F}.Release|Any CPU.Build.0 = Release|Any CPU
	EndGlobalSection
	GlobalSection(SolutionProperties) = preSolution
		HideSolutionNode = FALSE
	EndGlobalSection
	GlobalSection(ExtensibilityGlobals) = postSolution
		SolutionGuid = {43628BDE-14CD-4D2B-B7CC-8241FD93E3D5}
	EndGlobalSection
EndGlobal
